// !$*UTF8*$!
{
	archiveVersion = 1;
	classes = {
	};
	objectVersion = 55;
	objects = {

/* Begin PBXBuildFile section */
		5A4DF6D0283CFC7800845E85 /* AppDelegate.swift in Sources */ = {isa = PBXBuildFile; fileRef = 5A4DF6CF283CFC7800845E85 /* AppDelegate.swift */; };
		5A4DF6D2283CFC7800845E85 /* SceneDelegate.swift in Sources */ = {isa = PBXBuildFile; fileRef = 5A4DF6D1283CFC7800845E85 /* SceneDelegate.swift */; };
		5A4DF6D4283CFC7800845E85 /* ViewController.swift in Sources */ = {isa = PBXBuildFile; fileRef = 5A4DF6D3283CFC7800845E85 /* ViewController.swift */; };
		5A4DF6D7283CFC7800845E85 /* Main.storyboard in Resources */ = {isa = PBXBuildFile; fileRef = 5A4DF6D5283CFC7800845E85 /* Main.storyboard */; };
		5A4DF6D9283CFC7F00845E85 /* Assets.xcassets in Resources */ = {isa = PBXBuildFile; fileRef = 5A4DF6D8283CFC7F00845E85 /* Assets.xcassets */; };
		5A4DF6DC283CFC7F00845E85 /* LaunchScreen.storyboard in Resources */ = {isa = PBXBuildFile; fileRef = 5A4DF6DA283CFC7F00845E85 /* LaunchScreen.storyboard */; };
		5A4DF6E7283CFC8000845E85 /* BrowserMemoTests.swift in Sources */ = {isa = PBXBuildFile; fileRef = 5A4DF6E6283CFC8000845E85 /* BrowserMemoTests.swift */; };
		5A4DF6F1283CFC8000845E85 /* BrowserMemoUITests.swift in Sources */ = {isa = PBXBuildFile; fileRef = 5A4DF6F0283CFC8000845E85 /* BrowserMemoUITests.swift */; };
		5A4DF6F3283CFC8000845E85 /* BrowserMemoUITestsLaunchTests.swift in Sources */ = {isa = PBXBuildFile; fileRef = 5A4DF6F2283CFC8000845E85 /* BrowserMemoUITestsLaunchTests.swift */; };
		5A5E3E6628480F0F00B9E9FF /* TableViewController.swift in Sources */ = {isa = PBXBuildFile; fileRef = 5A5E3E6528480F0F00B9E9FF /* TableViewController.swift */; };
		5A5E3EA828568A7800B9E9FF /* WatchDate.swift in Sources */ = {isa = PBXBuildFile; fileRef = 5A5E3EA728568A7800B9E9FF /* WatchDate.swift */; };
		5A5E3EAA28568D1E00B9E9FF /* HistoryViewController.swift in Sources */ = {isa = PBXBuildFile; fileRef = 5A5E3EA928568D1E00B9E9FF /* HistoryViewController.swift */; };
		5A682760283EDB230013F891 /* MemoViewController.swift in Sources */ = {isa = PBXBuildFile; fileRef = 5A68275F283EDB230013F891 /* MemoViewController.swift */; };
		5A6827622843993E0013F891 /* Memo.swift in Sources */ = {isa = PBXBuildFile; fileRef = 5A6827612843993E0013F891 /* Memo.swift */; };
		BE476D2AF9A737B253E9C0AD /* Pods_BrowserMemoTests.framework in Frameworks */ = {isa = PBXBuildFile; fileRef = F6FEC3AC308DB7676E01F5C3 /* Pods_BrowserMemoTests.framework */; };
		FA7018731351608983C61303 /* Pods_BrowserMemo_BrowserMemoUITests.framework in Frameworks */ = {isa = PBXBuildFile; fileRef = EB323D552139EEEC1BBC406D /* Pods_BrowserMemo_BrowserMemoUITests.framework */; };
		FC7B9D19509531DA46A2CD05 /* Pods_BrowserMemo.framework in Frameworks */ = {isa = PBXBuildFile; fileRef = 8AA70847C8CA9498F4084FEF /* Pods_BrowserMemo.framework */; };
/* End PBXBuildFile section */

/* Begin PBXContainerItemProxy section */
		5A4DF6E3283CFC8000845E85 /* PBXContainerItemProxy */ = {
			isa = PBXContainerItemProxy;
			containerPortal = 5A4DF6C4283CFC7800845E85 /* Project object */;
			proxyType = 1;
			remoteGlobalIDString = 5A4DF6CB283CFC7800845E85;
			remoteInfo = BrowserMemo;
		};
		5A4DF6ED283CFC8000845E85 /* PBXContainerItemProxy */ = {
			isa = PBXContainerItemProxy;
			containerPortal = 5A4DF6C4283CFC7800845E85 /* Project object */;
			proxyType = 1;
			remoteGlobalIDString = 5A4DF6CB283CFC7800845E85;
			remoteInfo = BrowserMemo;
		};
/* End PBXContainerItemProxy section */

/* Begin PBXFileReference section */
		023AF464BA7027C05D199D05 /* Pods-BrowserMemo.release.xcconfig */ = {isa = PBXFileReference; includeInIndex = 1; lastKnownFileType = text.xcconfig; name = "Pods-BrowserMemo.release.xcconfig"; path = "Target Support Files/Pods-BrowserMemo/Pods-BrowserMemo.release.xcconfig"; sourceTree = "<group>"; };
		061BFD1F43D4ABE2F2DBDE3D /* Pods-BrowserMemoTests.debug.xcconfig */ = {isa = PBXFileReference; includeInIndex = 1; lastKnownFileType = text.xcconfig; name = "Pods-BrowserMemoTests.debug.xcconfig"; path = "Target Support Files/Pods-BrowserMemoTests/Pods-BrowserMemoTests.debug.xcconfig"; sourceTree = "<group>"; };
		0CA18DABEDFD07FF1D35E1B8 /* Pods-BrowserMemo.debug.xcconfig */ = {isa = PBXFileReference; includeInIndex = 1; lastKnownFileType = text.xcconfig; name = "Pods-BrowserMemo.debug.xcconfig"; path = "Target Support Files/Pods-BrowserMemo/Pods-BrowserMemo.debug.xcconfig"; sourceTree = "<group>"; };
		562BFE4AB63C3F59151CFAFB /* Pods-BrowserMemo-BrowserMemoUITests.release.xcconfig */ = {isa = PBXFileReference; includeInIndex = 1; lastKnownFileType = text.xcconfig; name = "Pods-BrowserMemo-BrowserMemoUITests.release.xcconfig"; path = "Target Support Files/Pods-BrowserMemo-BrowserMemoUITests/Pods-BrowserMemo-BrowserMemoUITests.release.xcconfig"; sourceTree = "<group>"; };
		5A4DF6CC283CFC7800845E85 /* BrowserMemo.app */ = {isa = PBXFileReference; explicitFileType = wrapper.application; includeInIndex = 0; path = BrowserMemo.app; sourceTree = BUILT_PRODUCTS_DIR; };
		5A4DF6CF283CFC7800845E85 /* AppDelegate.swift */ = {isa = PBXFileReference; lastKnownFileType = sourcecode.swift; path = AppDelegate.swift; sourceTree = "<group>"; };
		5A4DF6D1283CFC7800845E85 /* SceneDelegate.swift */ = {isa = PBXFileReference; lastKnownFileType = sourcecode.swift; path = SceneDelegate.swift; sourceTree = "<group>"; };
		5A4DF6D3283CFC7800845E85 /* ViewController.swift */ = {isa = PBXFileReference; lastKnownFileType = sourcecode.swift; path = ViewController.swift; sourceTree = "<group>"; };
		5A4DF6D6283CFC7800845E85 /* Base */ = {isa = PBXFileReference; lastKnownFileType = file.storyboard; name = Base; path = Base.lproj/Main.storyboard; sourceTree = "<group>"; };
		5A4DF6D8283CFC7F00845E85 /* Assets.xcassets */ = {isa = PBXFileReference; lastKnownFileType = folder.assetcatalog; path = Assets.xcassets; sourceTree = "<group>"; };
		5A4DF6DB283CFC7F00845E85 /* Base */ = {isa = PBXFileReference; lastKnownFileType = file.storyboard; name = Base; path = Base.lproj/LaunchScreen.storyboard; sourceTree = "<group>"; };
		5A4DF6DD283CFC7F00845E85 /* Info.plist */ = {isa = PBXFileReference; lastKnownFileType = text.plist.xml; path = Info.plist; sourceTree = "<group>"; };
		5A4DF6E2283CFC8000845E85 /* BrowserMemoTests.xctest */ = {isa = PBXFileReference; explicitFileType = wrapper.cfbundle; includeInIndex = 0; path = BrowserMemoTests.xctest; sourceTree = BUILT_PRODUCTS_DIR; };
		5A4DF6E6283CFC8000845E85 /* BrowserMemoTests.swift */ = {isa = PBXFileReference; lastKnownFileType = sourcecode.swift; path = BrowserMemoTests.swift; sourceTree = "<group>"; };
		5A4DF6EC283CFC8000845E85 /* BrowserMemoUITests.xctest */ = {isa = PBXFileReference; explicitFileType = wrapper.cfbundle; includeInIndex = 0; path = BrowserMemoUITests.xctest; sourceTree = BUILT_PRODUCTS_DIR; };
		5A4DF6F0283CFC8000845E85 /* BrowserMemoUITests.swift */ = {isa = PBXFileReference; lastKnownFileType = sourcecode.swift; path = BrowserMemoUITests.swift; sourceTree = "<group>"; };
		5A4DF6F2283CFC8000845E85 /* BrowserMemoUITestsLaunchTests.swift */ = {isa = PBXFileReference; lastKnownFileType = sourcecode.swift; path = BrowserMemoUITestsLaunchTests.swift; sourceTree = "<group>"; };
		5A5E3E6528480F0F00B9E9FF /* TableViewController.swift */ = {isa = PBXFileReference; lastKnownFileType = sourcecode.swift; path = TableViewController.swift; sourceTree = "<group>"; };
		5A5E3EA728568A7800B9E9FF /* WatchDate.swift */ = {isa = PBXFileReference; lastKnownFileType = sourcecode.swift; path = WatchDate.swift; sourceTree = "<group>"; };
		5A5E3EA928568D1E00B9E9FF /* HistoryViewController.swift */ = {isa = PBXFileReference; lastKnownFileType = sourcecode.swift; path = HistoryViewController.swift; sourceTree = "<group>"; };
		5A68275F283EDB230013F891 /* MemoViewController.swift */ = {isa = PBXFileReference; lastKnownFileType = sourcecode.swift; path = MemoViewController.swift; sourceTree = "<group>"; };
		5A6827612843993E0013F891 /* Memo.swift */ = {isa = PBXFileReference; lastKnownFileType = sourcecode.swift; path = Memo.swift; sourceTree = "<group>"; };
		8901C309BE5DD5D35A3C7895 /* Pods-BrowserMemo-BrowserMemoUITests.debug.xcconfig */ = {isa = PBXFileReference; includeInIndex = 1; lastKnownFileType = text.xcconfig; name = "Pods-BrowserMemo-BrowserMemoUITests.debug.xcconfig"; path = "Target Support Files/Pods-BrowserMemo-BrowserMemoUITests/Pods-BrowserMemo-BrowserMemoUITests.debug.xcconfig"; sourceTree = "<group>"; };
		8AA70847C8CA9498F4084FEF /* Pods_BrowserMemo.framework */ = {isa = PBXFileReference; explicitFileType = wrapper.framework; includeInIndex = 0; path = Pods_BrowserMemo.framework; sourceTree = BUILT_PRODUCTS_DIR; };
		E3BC67186E0ED020D90F2EFF /* Pods-BrowserMemoTests.release.xcconfig */ = {isa = PBXFileReference; includeInIndex = 1; lastKnownFileType = text.xcconfig; name = "Pods-BrowserMemoTests.release.xcconfig"; path = "Target Support Files/Pods-BrowserMemoTests/Pods-BrowserMemoTests.release.xcconfig"; sourceTree = "<group>"; };
		EB323D552139EEEC1BBC406D /* Pods_BrowserMemo_BrowserMemoUITests.framework */ = {isa = PBXFileReference; explicitFileType = wrapper.framework; includeInIndex = 0; path = Pods_BrowserMemo_BrowserMemoUITests.framework; sourceTree = BUILT_PRODUCTS_DIR; };
		F6FEC3AC308DB7676E01F5C3 /* Pods_BrowserMemoTests.framework */ = {isa = PBXFileReference; explicitFileType = wrapper.framework; includeInIndex = 0; path = Pods_BrowserMemoTests.framework; sourceTree = BUILT_PRODUCTS_DIR; };
/* End PBXFileReference section */

/* Begin PBXFrameworksBuildPhase section */
		5A4DF6C9283CFC7800845E85 /* Frameworks */ = {
			isa = PBXFrameworksBuildPhase;
			buildActionMask = 2147483647;
			files = (
				FC7B9D19509531DA46A2CD05 /* Pods_BrowserMemo.framework in Frameworks */,
			);
			runOnlyForDeploymentPostprocessing = 0;
		};
		5A4DF6DF283CFC8000845E85 /* Frameworks */ = {
			isa = PBXFrameworksBuildPhase;
			buildActionMask = 2147483647;
			files = (
				BE476D2AF9A737B253E9C0AD /* Pods_BrowserMemoTests.framework in Frameworks */,
			);
			runOnlyForDeploymentPostprocessing = 0;
		};
		5A4DF6E9283CFC8000845E85 /* Frameworks */ = {
			isa = PBXFrameworksBuildPhase;
			buildActionMask = 2147483647;
			files = (
				FA7018731351608983C61303 /* Pods_BrowserMemo_BrowserMemoUITests.framework in Frameworks */,
			);
			runOnlyForDeploymentPostprocessing = 0;
		};
/* End PBXFrameworksBuildPhase section */

/* Begin PBXGroup section */
		3BA0DB1339BDF56076AD99FA /* Frameworks */ = {
			isa = PBXGroup;
			children = (
				8AA70847C8CA9498F4084FEF /* Pods_BrowserMemo.framework */,
				EB323D552139EEEC1BBC406D /* Pods_BrowserMemo_BrowserMemoUITests.framework */,
				F6FEC3AC308DB7676E01F5C3 /* Pods_BrowserMemoTests.framework */,
			);
			name = Frameworks;
			sourceTree = "<group>";
		};
		5A4DF6C3283CFC7800845E85 = {
			isa = PBXGroup;
			children = (
				5A4DF6CE283CFC7800845E85 /* BrowserMemo */,
				5A4DF6E5283CFC8000845E85 /* BrowserMemoTests */,
				5A4DF6EF283CFC8000845E85 /* BrowserMemoUITests */,
				5A4DF6CD283CFC7800845E85 /* Products */,
				FC8000743B584A3CB2BBC5AA /* Pods */,
				3BA0DB1339BDF56076AD99FA /* Frameworks */,
			);
			sourceTree = "<group>";
		};
		5A4DF6CD283CFC7800845E85 /* Products */ = {
			isa = PBXGroup;
			children = (
				5A4DF6CC283CFC7800845E85 /* BrowserMemo.app */,
				5A4DF6E2283CFC8000845E85 /* BrowserMemoTests.xctest */,
				5A4DF6EC283CFC8000845E85 /* BrowserMemoUITests.xctest */,
			);
			name = Products;
			sourceTree = "<group>";
		};
		5A4DF6CE283CFC7800845E85 /* BrowserMemo */ = {
			isa = PBXGroup;
			children = (
				5A4DF6CF283CFC7800845E85 /* AppDelegate.swift */,
				5A4DF6D1283CFC7800845E85 /* SceneDelegate.swift */,
				5A4DF6D3283CFC7800845E85 /* ViewController.swift */,
				5A5E3EA928568D1E00B9E9FF /* HistoryViewController.swift */,
				5A4DF6D5283CFC7800845E85 /* Main.storyboard */,
				5A5E3EA728568A7800B9E9FF /* WatchDate.swift */,
				5A5E3E6528480F0F00B9E9FF /* TableViewController.swift */,
				5A68275F283EDB230013F891 /* MemoViewController.swift */,
				5A6827612843993E0013F891 /* Memo.swift */,
				5A4DF6D8283CFC7F00845E85 /* Assets.xcassets */,
				5A4DF6DA283CFC7F00845E85 /* LaunchScreen.storyboard */,
				5A4DF6DD283CFC7F00845E85 /* Info.plist */,
			);
			path = BrowserMemo;
			sourceTree = "<group>";
		};
		5A4DF6E5283CFC8000845E85 /* BrowserMemoTests */ = {
			isa = PBXGroup;
			children = (
				5A4DF6E6283CFC8000845E85 /* BrowserMemoTests.swift */,
			);
			path = BrowserMemoTests;
			sourceTree = "<group>";
		};
		5A4DF6EF283CFC8000845E85 /* BrowserMemoUITests */ = {
			isa = PBXGroup;
			children = (
				5A4DF6F0283CFC8000845E85 /* BrowserMemoUITests.swift */,
				5A4DF6F2283CFC8000845E85 /* BrowserMemoUITestsLaunchTests.swift */,
			);
			path = BrowserMemoUITests;
			sourceTree = "<group>";
		};
		FC8000743B584A3CB2BBC5AA /* Pods */ = {
			isa = PBXGroup;
			children = (
				0CA18DABEDFD07FF1D35E1B8 /* Pods-BrowserMemo.debug.xcconfig */,
				023AF464BA7027C05D199D05 /* Pods-BrowserMemo.release.xcconfig */,
				8901C309BE5DD5D35A3C7895 /* Pods-BrowserMemo-BrowserMemoUITests.debug.xcconfig */,
				562BFE4AB63C3F59151CFAFB /* Pods-BrowserMemo-BrowserMemoUITests.release.xcconfig */,
				061BFD1F43D4ABE2F2DBDE3D /* Pods-BrowserMemoTests.debug.xcconfig */,
				E3BC67186E0ED020D90F2EFF /* Pods-BrowserMemoTests.release.xcconfig */,
			);
			path = Pods;
			sourceTree = "<group>";
		};
/* End PBXGroup section */

/* Begin PBXNativeTarget section */
		5A4DF6CB283CFC7800845E85 /* BrowserMemo */ = {
			isa = PBXNativeTarget;
			buildConfigurationList = 5A4DF6F6283CFC8000845E85 /* Build configuration list for PBXNativeTarget "BrowserMemo" */;
			buildPhases = (
				9676556D0312A202698D4101 /* [CP] Check Pods Manifest.lock */,
				5A4DF6C8283CFC7800845E85 /* Sources */,
				5A4DF6C9283CFC7800845E85 /* Frameworks */,
				5A4DF6CA283CFC7800845E85 /* Resources */,
				E05434356EDFB2045FA46020 /* [CP] Embed Pods Frameworks */,
			);
			buildRules = (
			);
			dependencies = (
			);
			name = BrowserMemo;
			productName = BrowserMemo;
			productReference = 5A4DF6CC283CFC7800845E85 /* BrowserMemo.app */;
			productType = "com.apple.product-type.application";
		};
		5A4DF6E1283CFC8000845E85 /* BrowserMemoTests */ = {
			isa = PBXNativeTarget;
			buildConfigurationList = 5A4DF6F9283CFC8000845E85 /* Build configuration list for PBXNativeTarget "BrowserMemoTests" */;
			buildPhases = (
				5DFAFFD57DC0A0CFF8584797 /* [CP] Check Pods Manifest.lock */,
				5A4DF6DE283CFC8000845E85 /* Sources */,
				5A4DF6DF283CFC8000845E85 /* Frameworks */,
				5A4DF6E0283CFC8000845E85 /* Resources */,
			);
			buildRules = (
			);
			dependencies = (
				5A4DF6E4283CFC8000845E85 /* PBXTargetDependency */,
			);
			name = BrowserMemoTests;
			productName = BrowserMemoTests;
			productReference = 5A4DF6E2283CFC8000845E85 /* BrowserMemoTests.xctest */;
			productType = "com.apple.product-type.bundle.unit-test";
		};
		5A4DF6EB283CFC8000845E85 /* BrowserMemoUITests */ = {
			isa = PBXNativeTarget;
			buildConfigurationList = 5A4DF6FC283CFC8000845E85 /* Build configuration list for PBXNativeTarget "BrowserMemoUITests" */;
			buildPhases = (
				B0A0F4186916E5480D5ADD52 /* [CP] Check Pods Manifest.lock */,
				5A4DF6E8283CFC8000845E85 /* Sources */,
				5A4DF6E9283CFC8000845E85 /* Frameworks */,
				5A4DF6EA283CFC8000845E85 /* Resources */,
				7016CD11B443B2BA21784FBA /* [CP] Embed Pods Frameworks */,
			);
			buildRules = (
			);
			dependencies = (
				5A4DF6EE283CFC8000845E85 /* PBXTargetDependency */,
			);
			name = BrowserMemoUITests;
			productName = BrowserMemoUITests;
			productReference = 5A4DF6EC283CFC8000845E85 /* BrowserMemoUITests.xctest */;
			productType = "com.apple.product-type.bundle.ui-testing";
		};
/* End PBXNativeTarget section */

/* Begin PBXProject section */
		5A4DF6C4283CFC7800845E85 /* Project object */ = {
			isa = PBXProject;
			attributes = {
				BuildIndependentTargetsInParallel = 1;
				LastSwiftUpdateCheck = 1340;
				LastUpgradeCheck = 1340;
				TargetAttributes = {
					5A4DF6CB283CFC7800845E85 = {
						CreatedOnToolsVersion = 13.4;
					};
					5A4DF6E1283CFC8000845E85 = {
						CreatedOnToolsVersion = 13.4;
						TestTargetID = 5A4DF6CB283CFC7800845E85;
					};
					5A4DF6EB283CFC8000845E85 = {
						CreatedOnToolsVersion = 13.4;
						TestTargetID = 5A4DF6CB283CFC7800845E85;
					};
				};
			};
			buildConfigurationList = 5A4DF6C7283CFC7800845E85 /* Build configuration list for PBXProject "BrowserMemo" */;
			compatibilityVersion = "Xcode 13.0";
			developmentRegion = en;
			hasScannedForEncodings = 0;
			knownRegions = (
				en,
				Base,
			);
			mainGroup = 5A4DF6C3283CFC7800845E85;
			productRefGroup = 5A4DF6CD283CFC7800845E85 /* Products */;
			projectDirPath = "";
			projectRoot = "";
			targets = (
				5A4DF6CB283CFC7800845E85 /* BrowserMemo */,
				5A4DF6E1283CFC8000845E85 /* BrowserMemoTests */,
				5A4DF6EB283CFC8000845E85 /* BrowserMemoUITests */,
			);
		};
/* End PBXProject section */

/* Begin PBXResourcesBuildPhase section */
		5A4DF6CA283CFC7800845E85 /* Resources */ = {
			isa = PBXResourcesBuildPhase;
			buildActionMask = 2147483647;
			files = (
				5A4DF6DC283CFC7F00845E85 /* LaunchScreen.storyboard in Resources */,
				5A4DF6D9283CFC7F00845E85 /* Assets.xcassets in Resources */,
				5A4DF6D7283CFC7800845E85 /* Main.storyboard in Resources */,
			);
			runOnlyForDeploymentPostprocessing = 0;
		};
		5A4DF6E0283CFC8000845E85 /* Resources */ = {
			isa = PBXResourcesBuildPhase;
			buildActionMask = 2147483647;
			files = (
			);
			runOnlyForDeploymentPostprocessing = 0;
		};
		5A4DF6EA283CFC8000845E85 /* Resources */ = {
			isa = PBXResourcesBuildPhase;
			buildActionMask = 2147483647;
			files = (
			);
			runOnlyForDeploymentPostprocessing = 0;
		};
/* End PBXResourcesBuildPhase section */

/* Begin PBXShellScriptBuildPhase section */
		5DFAFFD57DC0A0CFF8584797 /* [CP] Check Pods Manifest.lock */ = {
			isa = PBXShellScriptBuildPhase;
			buildActionMask = 2147483647;
			files = (
			);
			inputFileListPaths = (
			);
			inputPaths = (
				"${PODS_PODFILE_DIR_PATH}/Podfile.lock",
				"${PODS_ROOT}/Manifest.lock",
			);
			name = "[CP] Check Pods Manifest.lock";
			outputFileListPaths = (
			);
			outputPaths = (
				"$(DERIVED_FILE_DIR)/Pods-BrowserMemoTests-checkManifestLockResult.txt",
			);
			runOnlyForDeploymentPostprocessing = 0;
			shellPath = /bin/sh;
			shellScript = "diff \"${PODS_PODFILE_DIR_PATH}/Podfile.lock\" \"${PODS_ROOT}/Manifest.lock\" > /dev/null\nif [ $? != 0 ] ; then\n    # print error to STDERR\n    echo \"error: The sandbox is not in sync with the Podfile.lock. Run 'pod install' or update your CocoaPods installation.\" >&2\n    exit 1\nfi\n# This output is used by Xcode 'outputs' to avoid re-running this script phase.\necho \"SUCCESS\" > \"${SCRIPT_OUTPUT_FILE_0}\"\n";
			showEnvVarsInLog = 0;
		};
		7016CD11B443B2BA21784FBA /* [CP] Embed Pods Frameworks */ = {
			isa = PBXShellScriptBuildPhase;
			buildActionMask = 2147483647;
			files = (
			);
			inputFileListPaths = (
				"${PODS_ROOT}/Target Support Files/Pods-BrowserMemo-BrowserMemoUITests/Pods-BrowserMemo-BrowserMemoUITests-frameworks-${CONFIGURATION}-input-files.xcfilelist",
			);
			name = "[CP] Embed Pods Frameworks";
			outputFileListPaths = (
				"${PODS_ROOT}/Target Support Files/Pods-BrowserMemo-BrowserMemoUITests/Pods-BrowserMemo-BrowserMemoUITests-frameworks-${CONFIGURATION}-output-files.xcfilelist",
			);
			runOnlyForDeploymentPostprocessing = 0;
			shellPath = /bin/sh;
			shellScript = "\"${PODS_ROOT}/Target Support Files/Pods-BrowserMemo-BrowserMemoUITests/Pods-BrowserMemo-BrowserMemoUITests-frameworks.sh\"\n";
			showEnvVarsInLog = 0;
		};
		9676556D0312A202698D4101 /* [CP] Check Pods Manifest.lock */ = {
			isa = PBXShellScriptBuildPhase;
			buildActionMask = 2147483647;
			files = (
			);
			inputFileListPaths = (
			);
			inputPaths = (
				"${PODS_PODFILE_DIR_PATH}/Podfile.lock",
				"${PODS_ROOT}/Manifest.lock",
			);
			name = "[CP] Check Pods Manifest.lock";
			outputFileListPaths = (
			);
			outputPaths = (
				"$(DERIVED_FILE_DIR)/Pods-BrowserMemo-checkManifestLockResult.txt",
			);
			runOnlyForDeploymentPostprocessing = 0;
			shellPath = /bin/sh;
			shellScript = "diff \"${PODS_PODFILE_DIR_PATH}/Podfile.lock\" \"${PODS_ROOT}/Manifest.lock\" > /dev/null\nif [ $? != 0 ] ; then\n    # print error to STDERR\n    echo \"error: The sandbox is not in sync with the Podfile.lock. Run 'pod install' or update your CocoaPods installation.\" >&2\n    exit 1\nfi\n# This output is used by Xcode 'outputs' to avoid re-running this script phase.\necho \"SUCCESS\" > \"${SCRIPT_OUTPUT_FILE_0}\"\n";
			showEnvVarsInLog = 0;
		};
		B0A0F4186916E5480D5ADD52 /* [CP] Check Pods Manifest.lock */ = {
			isa = PBXShellScriptBuildPhase;
			buildActionMask = 2147483647;
			files = (
			);
			inputFileListPaths = (
			);
			inputPaths = (
				"${PODS_PODFILE_DIR_PATH}/Podfile.lock",
				"${PODS_ROOT}/Manifest.lock",
			);
			name = "[CP] Check Pods Manifest.lock";
			outputFileListPaths = (
			);
			outputPaths = (
				"$(DERIVED_FILE_DIR)/Pods-BrowserMemo-BrowserMemoUITests-checkManifestLockResult.txt",
			);
			runOnlyForDeploymentPostprocessing = 0;
			shellPath = /bin/sh;
			shellScript = "diff \"${PODS_PODFILE_DIR_PATH}/Podfile.lock\" \"${PODS_ROOT}/Manifest.lock\" > /dev/null\nif [ $? != 0 ] ; then\n    # print error to STDERR\n    echo \"error: The sandbox is not in sync with the Podfile.lock. Run 'pod install' or update your CocoaPods installation.\" >&2\n    exit 1\nfi\n# This output is used by Xcode 'outputs' to avoid re-running this script phase.\necho \"SUCCESS\" > \"${SCRIPT_OUTPUT_FILE_0}\"\n";
			showEnvVarsInLog = 0;
		};
		E05434356EDFB2045FA46020 /* [CP] Embed Pods Frameworks */ = {
			isa = PBXShellScriptBuildPhase;
			buildActionMask = 2147483647;
			files = (
			);
			inputFileListPaths = (
				"${PODS_ROOT}/Target Support Files/Pods-BrowserMemo/Pods-BrowserMemo-frameworks-${CONFIGURATION}-input-files.xcfilelist",
			);
			name = "[CP] Embed Pods Frameworks";
			outputFileListPaths = (
				"${PODS_ROOT}/Target Support Files/Pods-BrowserMemo/Pods-BrowserMemo-frameworks-${CONFIGURATION}-output-files.xcfilelist",
			);
			runOnlyForDeploymentPostprocessing = 0;
			shellPath = /bin/sh;
			shellScript = "\"${PODS_ROOT}/Target Support Files/Pods-BrowserMemo/Pods-BrowserMemo-frameworks.sh\"\n";
			showEnvVarsInLog = 0;
		};
/* End PBXShellScriptBuildPhase section */

/* Begin PBXSourcesBuildPhase section */
		5A4DF6C8283CFC7800845E85 /* Sources */ = {
			isa = PBXSourcesBuildPhase;
			buildActionMask = 2147483647;
			files = (
				5A682760283EDB230013F891 /* MemoViewController.swift in Sources */,
				5A5E3E6628480F0F00B9E9FF /* TableViewController.swift in Sources */,
				5A4DF6D4283CFC7800845E85 /* ViewController.swift in Sources */,
				5A4DF6D0283CFC7800845E85 /* AppDelegate.swift in Sources */,
				5A5E3EA828568A7800B9E9FF /* WatchDate.swift in Sources */,
				5A4DF6D2283CFC7800845E85 /* SceneDelegate.swift in Sources */,
				5A6827622843993E0013F891 /* Memo.swift in Sources */,
				5A5E3EAA28568D1E00B9E9FF /* HistoryViewController.swift in Sources */,
			);
			runOnlyForDeploymentPostprocessing = 0;
		};
		5A4DF6DE283CFC8000845E85 /* Sources */ = {
			isa = PBXSourcesBuildPhase;
			buildActionMask = 2147483647;
			files = (
				5A4DF6E7283CFC8000845E85 /* BrowserMemoTests.swift in Sources */,
			);
			runOnlyForDeploymentPostprocessing = 0;
		};
		5A4DF6E8283CFC8000845E85 /* Sources */ = {
			isa = PBXSourcesBuildPhase;
			buildActionMask = 2147483647;
			files = (
				5A4DF6F1283CFC8000845E85 /* BrowserMemoUITests.swift in Sources */,
				5A4DF6F3283CFC8000845E85 /* BrowserMemoUITestsLaunchTests.swift in Sources */,
			);
			runOnlyForDeploymentPostprocessing = 0;
		};
/* End PBXSourcesBuildPhase section */

/* Begin PBXTargetDependency section */
		5A4DF6E4283CFC8000845E85 /* PBXTargetDependency */ = {
			isa = PBXTargetDependency;
			target = 5A4DF6CB283CFC7800845E85 /* BrowserMemo */;
			targetProxy = 5A4DF6E3283CFC8000845E85 /* PBXContainerItemProxy */;
		};
		5A4DF6EE283CFC8000845E85 /* PBXTargetDependency */ = {
			isa = PBXTargetDependency;
			target = 5A4DF6CB283CFC7800845E85 /* BrowserMemo */;
			targetProxy = 5A4DF6ED283CFC8000845E85 /* PBXContainerItemProxy */;
		};
/* End PBXTargetDependency section */

/* Begin PBXVariantGroup section */
		5A4DF6D5283CFC7800845E85 /* Main.storyboard */ = {
			isa = PBXVariantGroup;
			children = (
				5A4DF6D6283CFC7800845E85 /* Base */,
			);
			name = Main.storyboard;
			sourceTree = "<group>";
		};
		5A4DF6DA283CFC7F00845E85 /* LaunchScreen.storyboard */ = {
			isa = PBXVariantGroup;
			children = (
				5A4DF6DB283CFC7F00845E85 /* Base */,
			);
			name = LaunchScreen.storyboard;
			sourceTree = "<group>";
		};
/* End PBXVariantGroup section */

/* Begin XCBuildConfiguration section */
		5A4DF6F4283CFC8000845E85 /* Debug */ = {
			isa = XCBuildConfiguration;
			buildSettings = {
				ALWAYS_SEARCH_USER_PATHS = NO;
				CLANG_ANALYZER_NONNULL = YES;
				CLANG_ANALYZER_NUMBER_OBJECT_CONVERSION = YES_AGGRESSIVE;
				CLANG_CXX_LANGUAGE_STANDARD = "gnu++17";
				CLANG_ENABLE_MODULES = YES;
				CLANG_ENABLE_OBJC_ARC = YES;
				CLANG_ENABLE_OBJC_WEAK = YES;
				CLANG_WARN_BLOCK_CAPTURE_AUTORELEASING = YES;
				CLANG_WARN_BOOL_CONVERSION = YES;
				CLANG_WARN_COMMA = YES;
				CLANG_WARN_CONSTANT_CONVERSION = YES;
				CLANG_WARN_DEPRECATED_OBJC_IMPLEMENTATIONS = YES;
				CLANG_WARN_DIRECT_OBJC_ISA_USAGE = YES_ERROR;
				CLANG_WARN_DOCUMENTATION_COMMENTS = YES;
				CLANG_WARN_EMPTY_BODY = YES;
				CLANG_WARN_ENUM_CONVERSION = YES;
				CLANG_WARN_INFINITE_RECURSION = YES;
				CLANG_WARN_INT_CONVERSION = YES;
				CLANG_WARN_NON_LITERAL_NULL_CONVERSION = YES;
				CLANG_WARN_OBJC_IMPLICIT_RETAIN_SELF = YES;
				CLANG_WARN_OBJC_LITERAL_CONVERSION = YES;
				CLANG_WARN_OBJC_ROOT_CLASS = YES_ERROR;
				CLANG_WARN_QUOTED_INCLUDE_IN_FRAMEWORK_HEADER = YES;
				CLANG_WARN_RANGE_LOOP_ANALYSIS = YES;
				CLANG_WARN_STRICT_PROTOTYPES = YES;
				CLANG_WARN_SUSPICIOUS_MOVE = YES;
				CLANG_WARN_UNGUARDED_AVAILABILITY = YES_AGGRESSIVE;
				CLANG_WARN_UNREACHABLE_CODE = YES;
				CLANG_WARN__DUPLICATE_METHOD_MATCH = YES;
				COPY_PHASE_STRIP = NO;
				DEBUG_INFORMATION_FORMAT = dwarf;
				ENABLE_STRICT_OBJC_MSGSEND = YES;
				ENABLE_TESTABILITY = YES;
				GCC_C_LANGUAGE_STANDARD = gnu11;
				GCC_DYNAMIC_NO_PIC = NO;
				GCC_NO_COMMON_BLOCKS = YES;
				GCC_OPTIMIZATION_LEVEL = 0;
				GCC_PREPROCESSOR_DEFINITIONS = (
					"DEBUG=1",
					"$(inherited)",
				);
				GCC_WARN_64_TO_32_BIT_CONVERSION = YES;
				GCC_WARN_ABOUT_RETURN_TYPE = YES_ERROR;
				GCC_WARN_UNDECLARED_SELECTOR = YES;
				GCC_WARN_UNINITIALIZED_AUTOS = YES_AGGRESSIVE;
				GCC_WARN_UNUSED_FUNCTION = YES;
				GCC_WARN_UNUSED_VARIABLE = YES;
				IPHONEOS_DEPLOYMENT_TARGET = 15.5;
				MTL_ENABLE_DEBUG_INFO = INCLUDE_SOURCE;
				MTL_FAST_MATH = YES;
				ONLY_ACTIVE_ARCH = YES;
				SDKROOT = iphoneos;
				SWIFT_ACTIVE_COMPILATION_CONDITIONS = DEBUG;
				SWIFT_OPTIMIZATION_LEVEL = "-Onone";
			};
			name = Debug;
		};
		5A4DF6F5283CFC8000845E85 /* Release */ = {
			isa = XCBuildConfiguration;
			buildSettings = {
				ALWAYS_SEARCH_USER_PATHS = NO;
				CLANG_ANALYZER_NONNULL = YES;
				CLANG_ANALYZER_NUMBER_OBJECT_CONVERSION = YES_AGGRESSIVE;
				CLANG_CXX_LANGUAGE_STANDARD = "gnu++17";
				CLANG_ENABLE_MODULES = YES;
				CLANG_ENABLE_OBJC_ARC = YES;
				CLANG_ENABLE_OBJC_WEAK = YES;
				CLANG_WARN_BLOCK_CAPTURE_AUTORELEASING = YES;
				CLANG_WARN_BOOL_CONVERSION = YES;
				CLANG_WARN_COMMA = YES;
				CLANG_WARN_CONSTANT_CONVERSION = YES;
				CLANG_WARN_DEPRECATED_OBJC_IMPLEMENTATIONS = YES;
				CLANG_WARN_DIRECT_OBJC_ISA_USAGE = YES_ERROR;
				CLANG_WARN_DOCUMENTATION_COMMENTS = YES;
				CLANG_WARN_EMPTY_BODY = YES;
				CLANG_WARN_ENUM_CONVERSION = YES;
				CLANG_WARN_INFINITE_RECURSION = YES;
				CLANG_WARN_INT_CONVERSION = YES;
				CLANG_WARN_NON_LITERAL_NULL_CONVERSION = YES;
				CLANG_WARN_OBJC_IMPLICIT_RETAIN_SELF = YES;
				CLANG_WARN_OBJC_LITERAL_CONVERSION = YES;
				CLANG_WARN_OBJC_ROOT_CLASS = YES_ERROR;
				CLANG_WARN_QUOTED_INCLUDE_IN_FRAMEWORK_HEADER = YES;
				CLANG_WARN_RANGE_LOOP_ANALYSIS = YES;
				CLANG_WARN_STRICT_PROTOTYPES = YES;
				CLANG_WARN_SUSPICIOUS_MOVE = YES;
				CLANG_WARN_UNGUARDED_AVAILABILITY = YES_AGGRESSIVE;
				CLANG_WARN_UNREACHABLE_CODE = YES;
				CLANG_WARN__DUPLICATE_METHOD_MATCH = YES;
				COPY_PHASE_STRIP = NO;
				DEBUG_INFORMATION_FORMAT = "dwarf-with-dsym";
				ENABLE_NS_ASSERTIONS = NO;
				ENABLE_STRICT_OBJC_MSGSEND = YES;
				GCC_C_LANGUAGE_STANDARD = gnu11;
				GCC_NO_COMMON_BLOCKS = YES;
				GCC_WARN_64_TO_32_BIT_CONVERSION = YES;
				GCC_WARN_ABOUT_RETURN_TYPE = YES_ERROR;
				GCC_WARN_UNDECLARED_SELECTOR = YES;
				GCC_WARN_UNINITIALIZED_AUTOS = YES_AGGRESSIVE;
				GCC_WARN_UNUSED_FUNCTION = YES;
				GCC_WARN_UNUSED_VARIABLE = YES;
				IPHONEOS_DEPLOYMENT_TARGET = 15.5;
				MTL_ENABLE_DEBUG_INFO = NO;
				MTL_FAST_MATH = YES;
				SDKROOT = iphoneos;
				SWIFT_COMPILATION_MODE = wholemodule;
				SWIFT_OPTIMIZATION_LEVEL = "-O";
				VALIDATE_PRODUCT = YES;
			};
			name = Release;
		};
		5A4DF6F7283CFC8000845E85 /* Debug */ = {
			isa = XCBuildConfiguration;
			baseConfigurationReference = 0CA18DABEDFD07FF1D35E1B8 /* Pods-BrowserMemo.debug.xcconfig */;
			buildSettings = {
				ASSETCATALOG_COMPILER_APPICON_NAME = AppIcon;
				ASSETCATALOG_COMPILER_GLOBAL_ACCENT_COLOR_NAME = AccentColor;
				CODE_SIGN_STYLE = Automatic;
				CURRENT_PROJECT_VERSION = 1;
				GENERATE_INFOPLIST_FILE = YES;
				INFOPLIST_FILE = BrowserMemo/Info.plist;
				INFOPLIST_KEY_UIApplicationSupportsIndirectInputEvents = YES;
				INFOPLIST_KEY_UILaunchStoryboardName = LaunchScreen;
				INFOPLIST_KEY_UIMainStoryboardFile = Main;
				INFOPLIST_KEY_UISupportedInterfaceOrientations_iPad = "UIInterfaceOrientationPortrait UIInterfaceOrientationPortraitUpsideDown UIInterfaceOrientationLandscapeLeft UIInterfaceOrientationLandscapeRight";
				INFOPLIST_KEY_UISupportedInterfaceOrientations_iPhone = "UIInterfaceOrientationPortrait UIInterfaceOrientationLandscapeLeft UIInterfaceOrientationLandscapeRight";
				LD_RUNPATH_SEARCH_PATHS = (
					"$(inherited)",
					"@executable_path/Frameworks",
				);
				MARKETING_VERSION = 1.0;
				PRODUCT_BUNDLE_IDENTIFIER = im.hiro.BrowserMemo;
				PRODUCT_NAME = "$(TARGET_NAME)";
				SWIFT_EMIT_LOC_STRINGS = YES;
				SWIFT_VERSION = 5.0;
				TARGETED_DEVICE_FAMILY = "1,2";
			};
			name = Debug;
		};
		5A4DF6F8283CFC8000845E85 /* Release */ = {
			isa = XCBuildConfiguration;
			baseConfigurationReference = 023AF464BA7027C05D199D05 /* Pods-BrowserMemo.release.xcconfig */;
			buildSettings = {
				ASSETCATALOG_COMPILER_APPICON_NAME = AppIcon;
				ASSETCATALOG_COMPILER_GLOBAL_ACCENT_COLOR_NAME = AccentColor;
				CODE_SIGN_STYLE = Automatic;
				CURRENT_PROJECT_VERSION = 1;
				GENERATE_INFOPLIST_FILE = YES;
				INFOPLIST_FILE = BrowserMemo/Info.plist;
				INFOPLIST_KEY_UIApplicationSupportsIndirectInputEvents = YES;
				INFOPLIST_KEY_UILaunchStoryboardName = LaunchScreen;
				INFOPLIST_KEY_UIMainStoryboardFile = Main;
				INFOPLIST_KEY_UISupportedInterfaceOrientations_iPad = "UIInterfaceOrientationPortrait UIInterfaceOrientationPortraitUpsideDown UIInterfaceOrientationLandscapeLeft UIInterfaceOrientationLandscapeRight";
				INFOPLIST_KEY_UISupportedInterfaceOrientations_iPhone = "UIInterfaceOrientationPortrait UIInterfaceOrientationLandscapeLeft UIInterfaceOrientationLandscapeRight";
				LD_RUNPATH_SEARCH_PATHS = (
					"$(inherited)",
					"@executable_path/Frameworks",
				);
				MARKETING_VERSION = 1.0;
				PRODUCT_BUNDLE_IDENTIFIER = im.hiro.BrowserMemo;
				PRODUCT_NAME = "$(TARGET_NAME)";
				SWIFT_EMIT_LOC_STRINGS = YES;
				SWIFT_VERSION = 5.0;
				TARGETED_DEVICE_FAMILY = "1,2";
			};
			name = Release;
		};
		5A4DF6FA283CFC8000845E85 /* Debug */ = {
			isa = XCBuildConfiguration;
			baseConfigurationReference = 061BFD1F43D4ABE2F2DBDE3D /* Pods-BrowserMemoTests.debug.xcconfig */;
			buildSettings = {
				ALWAYS_EMBED_SWIFT_STANDARD_LIBRARIES = YES;
				BUNDLE_LOADER = "$(TEST_HOST)";
				CODE_SIGN_STYLE = Automatic;
				CURRENT_PROJECT_VERSION = 1;
				GENERATE_INFOPLIST_FILE = YES;
				IPHONEOS_DEPLOYMENT_TARGET = 15.5;
				MARKETING_VERSION = 1.0;
				PRODUCT_BUNDLE_IDENTIFIER = im.hiro.BrowserMemoTests;
				PRODUCT_NAME = "$(TARGET_NAME)";
				SWIFT_EMIT_LOC_STRINGS = NO;
				SWIFT_VERSION = 5.0;
				TARGETED_DEVICE_FAMILY = "1,2";
				TEST_HOST = "$(BUILT_PRODUCTS_DIR)/BrowserMemo.app/BrowserMemo";
			};
			name = Debug;
		};
		5A4DF6FB283CFC8000845E85 /* Release */ = {
			isa = XCBuildConfiguration;
			baseConfigurationReference = E3BC67186E0ED020D90F2EFF /* Pods-BrowserMemoTests.release.xcconfig */;
			buildSettings = {
				ALWAYS_EMBED_SWIFT_STANDARD_LIBRARIES = YES;
				BUNDLE_LOADER = "$(TEST_HOST)";
				CODE_SIGN_STYLE = Automatic;
				CURRENT_PROJECT_VERSION = 1;
				GENERATE_INFOPLIST_FILE = YES;
				IPHONEOS_DEPLOYMENT_TARGET = 15.5;
				MARKETING_VERSION = 1.0;
				PRODUCT_BUNDLE_IDENTIFIER = im.hiro.BrowserMemoTests;
				PRODUCT_NAME = "$(TARGET_NAME)";
				SWIFT_EMIT_LOC_STRINGS = NO;
				SWIFT_VERSION = 5.0;
				TARGETED_DEVICE_FAMILY = "1,2";
				TEST_HOST = "$(BUILT_PRODUCTS_DIR)/BrowserMemo.app/BrowserMemo";
			};
			name = Release;
		};
		5A4DF6FD283CFC8000845E85 /* Debug */ = {
			isa = XCBuildConfiguration;
			baseConfigurationReference = 8901C309BE5DD5D35A3C7895 /* Pods-BrowserMemo-BrowserMemoUITests.debug.xcconfig */;
			buildSettings = {
				ALWAYS_EMBED_SWIFT_STANDARD_LIBRARIES = YES;
				CODE_SIGN_STYLE = Automatic;
				CURRENT_PROJECT_VERSION = 1;
				GENERATE_INFOPLIST_FILE = YES;
				MARKETING_VERSION = 1.0;
				PRODUCT_BUNDLE_IDENTIFIER = im.hiro.BrowserMemoUITests;
				PRODUCT_NAME = "$(TARGET_NAME)";
				SWIFT_EMIT_LOC_STRINGS = NO;
				SWIFT_VERSION = 5.0;
				TARGETED_DEVICE_FAMILY = "1,2";
				TEST_TARGET_NAME = BrowserMemo;
			};
			name = Debug;
		};
		5A4DF6FE283CFC8000845E85 /* Release */ = {
			isa = XCBuildConfiguration;
			baseConfigurationReference = 562BFE4AB63C3F59151CFAFB /* Pods-BrowserMemo-BrowserMemoUITests.release.xcconfig */;
			buildSettings = {
				ALWAYS_EMBED_SWIFT_STANDARD_LIBRARIES = YES;
				CODE_SIGN_STYLE = Automatic;
				CURRENT_PROJECT_VERSION = 1;
				GENERATE_INFOPLIST_FILE = YES;
				MARKETING_VERSION = 1.0;
				PRODUCT_BUNDLE_IDENTIFIER = im.hiro.BrowserMemoUITests;
				PRODUCT_NAME = "$(TARGET_NAME)";
				SWIFT_EMIT_LOC_STRINGS = NO;
				SWIFT_VERSION = 5.0;
				TARGETED_DEVICE_FAMILY = "1,2";
				TEST_TARGET_NAME = BrowserMemo;
			};
			name = Release;
		};
/* End XCBuildConfiguration section */

/* Begin XCConfigurationList section */
		5A4DF6C7283CFC7800845E85 /* Build configuration list for PBXProject "BrowserMemo" */ = {
			isa = XCConfigurationList;
			buildConfigurations = (
				5A4DF6F4283CFC8000845E85 /* Debug */,
				5A4DF6F5283CFC8000845E85 /* Release */,
			);
			defaultConfigurationIsVisible = 0;
			defaultConfigurationName = Release;
		};
		5A4DF6F6283CFC8000845E85 /* Build configuration list for PBXNativeTarget "BrowserMemo" */ = {
			isa = XCConfigurationList;
			buildConfigurations = (
				5A4DF6F7283CFC8000845E85 /* Debug */,
				5A4DF6F8283CFC8000845E85 /* Release */,
			);
			defaultConfigurationIsVisible = 0;
			defaultConfigurationName = Release;
		};
		5A4DF6F9283CFC8000845E85 /* Build configuration list for PBXNativeTarget "BrowserMemoTests" */ = {
			isa = XCConfigurationList;
			buildConfigurations = (
				5A4DF6FA283CFC8000845E85 /* Debug */,
				5A4DF6FB283CFC8000845E85 /* Release */,
			);
			defaultConfigurationIsVisible = 0;
			defaultConfigurationName = Release;
		};
		5A4DF6FC283CFC8000845E85 /* Build configuration list for PBXNativeTarget "BrowserMemoUITests" */ = {
			isa = XCConfigurationList;
			buildConfigurations = (
				5A4DF6FD283CFC8000845E85 /* Debug */,
				5A4DF6FE283CFC8000845E85 /* Release */,
			);
			defaultConfigurationIsVisible = 0;
			defaultConfigurationName = Release;
		};
/* End XCConfigurationList section */
	};
	rootObject = 5A4DF6C4283CFC7800845E85 /* Project object */;
}
